
Microsoft Visual Studio Solution File, Format Version 12.00
# Visual Studio Version 17
VisualStudioVersion = 17.11.35431.28
MinimumVisualStudioVersion = 10.0.40219.1
Project("{FAE04EC0-301F-11D3-BF4B-00C04F79EFBC}") = "MIS.Server", "MIS.Server\MIS.Server.csproj", "{CDAE2F1A-0585-4818-95D9-91AF18CEE5DA}"
EndProject
Project("{54A90642-561A-4BB1-A94E-469ADEE60C69}") = "mis.client", "mis.client\mis.client.esproj", "{DDC54B9E-BC69-4255-8434-9FB10A297CA7}"
EndProject
Global
	GlobalSection(SolutionConfigurationPlatforms) = preSolution
		Debug|Any CPU = Debug|Any CPU
		Release|Any CPU = Release|Any CPU
	EndGlobalSection
	GlobalSection(ProjectConfigurationPlatforms) = postSolution
		{CDAE2F1A-0585-4818-95D9-91AF18CEE5DA}.Debug|Any CPU.ActiveCfg = Debug|Any CPU
		{CDAE2F1A-0585-4818-95D9-91AF18CEE5DA}.Debug|Any CPU.Build.0 = Debug|Any CPU
		{CDAE2F1A-0585-4818-95D9-91AF18CEE5DA}.Release|Any CPU.ActiveCfg = Release|Any CPU
		{CDAE2F1A-0585-4818-95D9-91AF18CEE5DA}.Release|Any CPU.Build.0 = Release|Any CPU
		{DDC54B9E-BC69-4255-8434-9FB10A297CA7}.Debug|Any CPU.ActiveCfg = Debug|Any CPU
		{DDC54B9E-BC69-4255-8434-9FB10A297CA7}.Debug|Any CPU.Build.0 = Debug|Any CPU
		{DDC54B9E-BC69-4255-8434-9FB10A297CA7}.Debug|Any CPU.Deploy.0 = Debug|Any CPU
		{DDC54B9E-BC69-4255-8434-9FB10A297CA7}.Release|Any CPU.ActiveCfg = Release|Any CPU
		{DDC54B9E-BC69-4255-8434-9FB10A297CA7}.Release|Any CPU.Build.0 = Release|Any CPU
		{DDC54B9E-BC69-4255-8434-9FB10A297CA7}.Release|Any CPU.Deploy.0 = Release|Any CPU
	EndGlobalSection
	GlobalSection(SolutionProperties) = preSolution
		HideSolutionNode = FALSE
	EndGlobalSection
	GlobalSection(ExtensibilityGlobals) = postSolution
		SolutionGuid = {3016D4D1-636D-41B7-8CD4-9D87F6412D78}
	EndGlobalSection
EndGlobal
